// !$*UTF8*$!
{
	archiveVersion = 1;
	classes = {
	};
	objectVersion = 46;
	objects = {

/* Begin PBXBuildFile section */
		CC036011189FEBFE00C598AD /* KZBookshelfReusableView.m in Sources */ = {isa = PBXBuildFile; fileRef = CC036010189FEBFE00C598AD /* KZBookshelfReusableView.m */; };
		CC03605F18A0548300C598AD /* KZBookshelfSectionView.m in Sources */ = {isa = PBXBuildFile; fileRef = CC03605E18A0548300C598AD /* KZBookshelfSectionView.m */; };
		CC2FA86A18A1F9FB00F9CFDA /* Bookshelf-Section-1024.png in Resources */ = {isa = PBXBuildFile; fileRef = CCDA8DB018A1911600224274 /* Bookshelf-Section-1024.png */; };
		CC2FA86B18A1F9FB00F9CFDA /* Bookshelf-Section-1024@2x.png in Resources */ = {isa = PBXBuildFile; fileRef = CCDA8DB118A1911600224274 /* Bookshelf-Section-1024@2x.png */; };
		CC2FA86C18A1F9FB00F9CFDA /* Bookshelf-Section-320.png in Resources */ = {isa = PBXBuildFile; fileRef = CCDA8DB218A1911600224274 /* Bookshelf-Section-320.png */; };
		CC2FA86D18A1F9FB00F9CFDA /* Bookshelf-Section-320@2x.png in Resources */ = {isa = PBXBuildFile; fileRef = CCDA8DB318A1911600224274 /* Bookshelf-Section-320@2x.png */; };
		CC2FA86E18A1F9FB00F9CFDA /* Bookshelf-Section-480.png in Resources */ = {isa = PBXBuildFile; fileRef = CCDA8DB418A1911600224274 /* Bookshelf-Section-480.png */; };
		CC2FA86F18A1F9FB00F9CFDA /* Bookshelf-Section-480@2x.png in Resources */ = {isa = PBXBuildFile; fileRef = CCDA8DB518A1911600224274 /* Bookshelf-Section-480@2x.png */; };
		CC2FA87018A1F9FB00F9CFDA /* Bookshelf-Section-568.png in Resources */ = {isa = PBXBuildFile; fileRef = CCDA8DB618A1911600224274 /* Bookshelf-Section-568.png */; };
		CC2FA87118A1F9FB00F9CFDA /* Bookshelf-Section-568@2x.png in Resources */ = {isa = PBXBuildFile; fileRef = CCDA8DB718A1911600224274 /* Bookshelf-Section-568@2x.png */; };
		CC2FA87218A1F9FB00F9CFDA /* Bookshelf-Section-768.png in Resources */ = {isa = PBXBuildFile; fileRef = CCDA8DB818A1911600224274 /* Bookshelf-Section-768.png */; };
		CC2FA87318A1F9FB00F9CFDA /* Bookshelf-Section-768@2x.png in Resources */ = {isa = PBXBuildFile; fileRef = CCDA8DB918A1911600224274 /* Bookshelf-Section-768@2x.png */; };
		CCC68CC6189ECD8100E23DB2 /* Foundation.framework in Frameworks */ = {isa = PBXBuildFile; fileRef = CCC68CC5189ECD8100E23DB2 /* Foundation.framework */; };
		CCC68CC8189ECD8100E23DB2 /* CoreGraphics.framework in Frameworks */ = {isa = PBXBuildFile; fileRef = CCC68CC7189ECD8100E23DB2 /* CoreGraphics.framework */; };
		CCC68CCA189ECD8100E23DB2 /* UIKit.framework in Frameworks */ = {isa = PBXBuildFile; fileRef = CCC68CC9189ECD8100E23DB2 /* UIKit.framework */; };
		CCC68CD0189ECD8100E23DB2 /* InfoPlist.strings in Resources */ = {isa = PBXBuildFile; fileRef = CCC68CCE189ECD8100E23DB2 /* InfoPlist.strings */; };
		CCC68CD2189ECD8100E23DB2 /* main.m in Sources */ = {isa = PBXBuildFile; fileRef = CCC68CD1189ECD8100E23DB2 /* main.m */; };
		CCC68CD8189ECD8100E23DB2 /* Images.xcassets in Resources */ = {isa = PBXBuildFile; fileRef = CCC68CD7189ECD8100E23DB2 /* Images.xcassets */; };
		CCC68CDF189ECD8100E23DB2 /* XCTest.framework in Frameworks */ = {isa = PBXBuildFile; fileRef = CCC68CDE189ECD8100E23DB2 /* XCTest.framework */; };
		CCC68CE0189ECD8100E23DB2 /* Foundation.framework in Frameworks */ = {isa = PBXBuildFile; fileRef = CCC68CC5189ECD8100E23DB2 /* Foundation.framework */; };
		CCC68CE1189ECD8100E23DB2 /* UIKit.framework in Frameworks */ = {isa = PBXBuildFile; fileRef = CCC68CC9189ECD8100E23DB2 /* UIKit.framework */; };
		CCC68CE9189ECD8100E23DB2 /* InfoPlist.strings in Resources */ = {isa = PBXBuildFile; fileRef = CCC68CE7189ECD8100E23DB2 /* InfoPlist.strings */; };
		CCC68CEB189ECD8100E23DB2 /* KZBookshelfTests.m in Sources */ = {isa = PBXBuildFile; fileRef = CCC68CEA189ECD8100E23DB2 /* KZBookshelfTests.m */; };
		CCC68CF7189ECE3F00E23DB2 /* KZAppDelegate.m in Sources */ = {isa = PBXBuildFile; fileRef = CCC68CF6189ECE3F00E23DB2 /* KZAppDelegate.m */; };
		CCC68CFA189ECEA400E23DB2 /* MainWindow~ipad.xib in Resources */ = {isa = PBXBuildFile; fileRef = CCC68CF9189ECEA400E23DB2 /* MainWindow~ipad.xib */; };
		CCC68CFD189ED00400E23DB2 /* KZBookshelfView.m in Sources */ = {isa = PBXBuildFile; fileRef = CCC68CFC189ED00400E23DB2 /* KZBookshelfView.m */; };
		CCC68D03189ED28A00E23DB2 /* KZBookshelfViewLayout.m in Sources */ = {isa = PBXBuildFile; fileRef = CCC68D02189ED28A00E23DB2 /* KZBookshelfViewLayout.m */; };
		CCC68D06189EDA1D00E23DB2 /* KZSampleBookshelfViewController.m in Sources */ = {isa = PBXBuildFile; fileRef = CCC68D05189EDA1D00E23DB2 /* KZSampleBookshelfViewController.m */; };
		CCC68D08189EDACA00E23DB2 /* KZSampleBookshelfViewController~ipad.xib in Resources */ = {isa = PBXBuildFile; fileRef = CCC68D07189EDACA00E23DB2 /* KZSampleBookshelfViewController~ipad.xib */; };
		CCC68D12189EF17600E23DB2 /* KZBookshelfItem.m in Sources */ = {isa = PBXBuildFile; fileRef = CCC68D11189EF17600E23DB2 /* KZBookshelfItem.m */; };
		CCC68D40189F04B000E23DB2 /* ZGeometricUtils.m in Sources */ = {isa = PBXBuildFile; fileRef = CCC68D3F189F04B000E23DB2 /* ZGeometricUtils.m */; };
		CCC68D43189F10CA00E23DB2 /* KZBookshelfRowView.m in Sources */ = {isa = PBXBuildFile; fileRef = CCC68D42189F10CA00E23DB2 /* KZBookshelfRowView.m */; };
		CCC68D46189F15F200E23DB2 /* KZBookshelfItemCell.m in Sources */ = {isa = PBXBuildFile; fileRef = CCC68D45189F15F200E23DB2 /* KZBookshelfItemCell.m */; };
		CCC68D49189F48AE00E23DB2 /* UIView+Debug.m in Sources */ = {isa = PBXBuildFile; fileRef = CCC68D48189F48AE00E23DB2 /* UIView+Debug.m */; };
		CCC68D4C189FE48F00E23DB2 /* KZBookshelfShelfView.m in Sources */ = {isa = PBXBuildFile; fileRef = CCC68D4B189FE48F00E23DB2 /* KZBookshelfShelfView.m */; };
		CCDA8DA418A178A300224274 /* KZBookshelfSectionHeaderLayoutAttributes.m in Sources */ = {isa = PBXBuildFile; fileRef = CCDA8DA318A178A300224274 /* KZBookshelfSectionHeaderLayoutAttributes.m */; };
		CCDA8DC418A1911600224274 /* Bookshelf-Body-1024.png in Resources */ = {isa = PBXBuildFile; fileRef = CCDA8DA618A1911600224274 /* Bookshelf-Body-1024.png */; };
		CCDA8DC518A1911600224274 /* Bookshelf-Body-1024@2x.png in Resources */ = {isa = PBXBuildFile; fileRef = CCDA8DA718A1911600224274 /* Bookshelf-Body-1024@2x.png */; };
		CCDA8DC618A1911600224274 /* Bookshelf-Body-320.png in Resources */ = {isa = PBXBuildFile; fileRef = CCDA8DA818A1911600224274 /* Bookshelf-Body-320.png */; };
		CCDA8DC718A1911600224274 /* Bookshelf-Body-320@2x.png in Resources */ = {isa = PBXBuildFile; fileRef = CCDA8DA918A1911600224274 /* Bookshelf-Body-320@2x.png */; };
		CCDA8DC818A1911600224274 /* Bookshelf-Body-480.png in Resources */ = {isa = PBXBuildFile; fileRef = CCDA8DAA18A1911600224274 /* Bookshelf-Body-480.png */; };
		CCDA8DC918A1911600224274 /* Bookshelf-Body-480@2x.png in Resources */ = {isa = PBXBuildFile; fileRef = CCDA8DAB18A1911600224274 /* Bookshelf-Body-480@2x.png */; };
		CCDA8DCA18A1911600224274 /* Bookshelf-Body-568.png in Resources */ = {isa = PBXBuildFile; fileRef = CCDA8DAC18A1911600224274 /* Bookshelf-Body-568.png */; };
		CCDA8DCB18A1911600224274 /* Bookshelf-Body-568@2x.png in Resources */ = {isa = PBXBuildFile; fileRef = CCDA8DAD18A1911600224274 /* Bookshelf-Body-568@2x.png */; };
		CCDA8DCC18A1911600224274 /* Bookshelf-Body-768.png in Resources */ = {isa = PBXBuildFile; fileRef = CCDA8DAE18A1911600224274 /* Bookshelf-Body-768.png */; };
		CCDA8DCD18A1911600224274 /* Bookshelf-Body-768@2x.png in Resources */ = {isa = PBXBuildFile; fileRef = CCDA8DAF18A1911600224274 /* Bookshelf-Body-768@2x.png */; };
		CCDA8DD818A1911600224274 /* Bookshelf-Bottom-1024.png in Resources */ = {isa = PBXBuildFile; fileRef = CCDA8DBA18A1911600224274 /* Bookshelf-Bottom-1024.png */; };
		CCDA8DD918A1911600224274 /* Bookshelf-Bottom-1024@2x.png in Resources */ = {isa = PBXBuildFile; fileRef = CCDA8DBB18A1911600224274 /* Bookshelf-Bottom-1024@2x.png */; };
		CCDA8DDA18A1911600224274 /* Bookshelf-Bottom-320.png in Resources */ = {isa = PBXBuildFile; fileRef = CCDA8DBC18A1911600224274 /* Bookshelf-Bottom-320.png */; };
		CCDA8DDB18A1911600224274 /* Bookshelf-Bottom-320@2x.png in Resources */ = {isa = PBXBuildFile; fileRef = CCDA8DBD18A1911600224274 /* Bookshelf-Bottom-320@2x.png */; };
		CCDA8DDC18A1911600224274 /* Bookshelf-Bottom-480.png in Resources */ = {isa = PBXBuildFile; fileRef = CCDA8DBE18A1911600224274 /* Bookshelf-Bottom-480.png */; };
		CCDA8DDD18A1911600224274 /* Bookshelf-Bottom-480@2x.png in Resources */ = {isa = PBXBuildFile; fileRef = CCDA8DBF18A1911600224274 /* Bookshelf-Bottom-480@2x.png */; };
		CCDA8DDE18A1911600224274 /* Bookshelf-Bottom-568.png in Resources */ = {isa = PBXBuildFile; fileRef = CCDA8DC018A1911600224274 /* Bookshelf-Bottom-568.png */; };
		CCDA8DDF18A1911600224274 /* Bookshelf-Bottom-568@2x.png in Resources */ = {isa = PBXBuildFile; fileRef = CCDA8DC118A1911600224274 /* Bookshelf-Bottom-568@2x.png */; };
		CCDA8DE018A1911600224274 /* Bookshelf-Bottom-768.png in Resources */ = {isa = PBXBuildFile; fileRef = CCDA8DC218A1911600224274 /* Bookshelf-Bottom-768.png */; };
		CCDA8DE118A1911600224274 /* Bookshelf-Bottom-768@2x.png in Resources */ = {isa = PBXBuildFile; fileRef = CCDA8DC318A1911600224274 /* Bookshelf-Bottom-768@2x.png */; };
		CCDA8DFB18A1914A00224274 /* yourmagazine.01.png in Resources */ = {isa = PBXBuildFile; fileRef = CCDA8DE318A1914A00224274 /* yourmagazine.01.png */; };
		CCDA8DFC18A1914A00224274 /* yourmagazine.01@2x.png in Resources */ = {isa = PBXBuildFile; fileRef = CCDA8DE418A1914A00224274 /* yourmagazine.01@2x.png */; };
		CCDA8DFD18A1914A00224274 /* yourmagazine.02.png in Resources */ = {isa = PBXBuildFile; fileRef = CCDA8DE518A1914A00224274 /* yourmagazine.02.png */; };
		CCDA8DFE18A1914A00224274 /* yourmagazine.02@x.png in Resources */ = {isa = PBXBuildFile; fileRef = CCDA8DE618A1914A00224274 /* yourmagazine.02@x.png */; };
		CCDA8DFF18A1914A00224274 /* yourmagazine.03.png in Resources */ = {isa = PBXBuildFile; fileRef = CCDA8DE718A1914A00224274 /* yourmagazine.03.png */; };
		CCDA8E0018A1914A00224274 /* yourmagazine.03@2x.png in Resources */ = {isa = PBXBuildFile; fileRef = CCDA8DE818A1914A00224274 /* yourmagazine.03@2x.png */; };
		CCDA8E0118A1914A00224274 /* yourmagazine.04.png in Resources */ = {isa = PBXBuildFile; fileRef = CCDA8DE918A1914A00224274 /* yourmagazine.04.png */; };
		CCDA8E0218A1914A00224274 /* yourmagazine.04@2x.png in Resources */ = {isa = PBXBuildFile; fileRef = CCDA8DEA18A1914A00224274 /* yourmagazine.04@2x.png */; };
		CCDA8E0318A1914A00224274 /* yourmagazine.05.png in Resources */ = {isa = PBXBuildFile; fileRef = CCDA8DEB18A1914A00224274 /* yourmagazine.05.png */; };
		CCDA8E0418A1914A00224274 /* yourmagazine.05@2x.png in Resources */ = {isa = PBXBuildFile; fileRef = CCDA8DEC18A1914A00224274 /* yourmagazine.05@2x.png */; };
		CCDA8E0518A1914A00224274 /* yourmagazine.06.png in Resources */ = {isa = PBXBuildFile; fileRef = CCDA8DED18A1914A00224274 /* yourmagazine.06.png */; };
		CCDA8E0618A1914A00224274 /* yourmagazine.06@2x.png in Resources */ = {isa = PBXBuildFile; fileRef = CCDA8DEE18A1914A00224274 /* yourmagazine.06@2x.png */; };
		CCDA8E0718A1914A00224274 /* yourmagazine.07.png in Resources */ = {isa = PBXBuildFile; fileRef = CCDA8DEF18A1914A00224274 /* yourmagazine.07.png */; };
		CCDA8E0818A1914A00224274 /* yourmagazine.07@2x.png in Resources */ = {isa = PBXBuildFile; fileRef = CCDA8DF018A1914A00224274 /* yourmagazine.07@2x.png */; };
		CCDA8E0918A1914A00224274 /* yourmagazine.08.png in Resources */ = {isa = PBXBuildFile; fileRef = CCDA8DF118A1914A00224274 /* yourmagazine.08.png */; };
		CCDA8E0A18A1914A00224274 /* yourmagazine.08@2x.png in Resources */ = {isa = PBXBuildFile; fileRef = CCDA8DF218A1914A00224274 /* yourmagazine.08@2x.png */; };
		CCDA8E0B18A1914A00224274 /* yourmagazine.09.png in Resources */ = {isa = PBXBuildFile; fileRef = CCDA8DF318A1914A00224274 /* yourmagazine.09.png */; };
		CCDA8E0C18A1914A00224274 /* yourmagazine.09@2x.png in Resources */ = {isa = PBXBuildFile; fileRef = CCDA8DF418A1914A00224274 /* yourmagazine.09@2x.png */; };
		CCDA8E0D18A1914A00224274 /* yourmagazine.10.png in Resources */ = {isa = PBXBuildFile; fileRef = CCDA8DF518A1914A00224274 /* yourmagazine.10.png */; };
		CCDA8E0E18A1914A00224274 /* yourmagazine.10@2x.png in Resources */ = {isa = PBXBuildFile; fileRef = CCDA8DF618A1914A00224274 /* yourmagazine.10@2x.png */; };
		CCDA8E0F18A1914A00224274 /* yourmagazine.11.png in Resources */ = {isa = PBXBuildFile; fileRef = CCDA8DF718A1914A00224274 /* yourmagazine.11.png */; };
		CCDA8E1018A1914A00224274 /* yourmagazine.11@2x.png in Resources */ = {isa = PBXBuildFile; fileRef = CCDA8DF818A1914A00224274 /* yourmagazine.11@2x.png */; };
		CCDA8E1118A1914A00224274 /* yourmagazine.12.png in Resources */ = {isa = PBXBuildFile; fileRef = CCDA8DF918A1914A00224274 /* yourmagazine.12.png */; };
		CCDA8E1218A1914A00224274 /* yourmagazine.12@2x.png in Resources */ = {isa = PBXBuildFile; fileRef = CCDA8DFA18A1914A00224274 /* yourmagazine.12@2x.png */; };
		CCDA8E1418A191E100224274 /* MainWindow~iphone.xib in Resources */ = {isa = PBXBuildFile; fileRef = CCDA8E1318A191E100224274 /* MainWindow~iphone.xib */; };
		CCDA8E1618A1924400224274 /* KZSampleBookshelfViewController~iphone.xib in Resources */ = {isa = PBXBuildFile; fileRef = CCDA8E1518A1924400224274 /* KZSampleBookshelfViewController~iphone.xib */; };
/* End PBXBuildFile section */

/* Begin PBXContainerItemProxy section */
		CCC68CE2189ECD8100E23DB2 /* PBXContainerItemProxy */ = {
			isa = PBXContainerItemProxy;
			containerPortal = CCC68CBA189ECD8100E23DB2 /* Project object */;
			proxyType = 1;
			remoteGlobalIDString = CCC68CC1189ECD8100E23DB2;
			remoteInfo = KZBookshelf;
		};
/* End PBXContainerItemProxy section */

/* Begin PBXFileReference section */
		CC03600F189FEBFE00C598AD /* KZBookshelfReusableView.h */ = {isa = PBXFileReference; fileEncoding = 4; lastKnownFileType = sourcecode.c.h; lineEnding = 0; path = KZBookshelfReusableView.h; sourceTree = "<group>"; xcLanguageSpecificationIdentifier = xcode.lang.objcpp; };
		CC036010189FEBFE00C598AD /* KZBookshelfReusableView.m */ = {isa = PBXFileReference; fileEncoding = 4; lastKnownFileType = sourcecode.c.objc; lineEnding = 0; path = KZBookshelfReusableView.m; sourceTree = "<group>"; xcLanguageSpecificationIdentifier = xcode.lang.objc; };
		CC03605D18A0548300C598AD /* KZBookshelfSectionView.h */ = {isa = PBXFileReference; fileEncoding = 4; lastKnownFileType = sourcecode.c.h; lineEnding = 0; path = KZBookshelfSectionView.h; sourceTree = "<group>"; xcLanguageSpecificationIdentifier = xcode.lang.objcpp; };
		CC03605E18A0548300C598AD /* KZBookshelfSectionView.m */ = {isa = PBXFileReference; fileEncoding = 4; lastKnownFileType = sourcecode.c.objc; lineEnding = 0; path = KZBookshelfSectionView.m; sourceTree = "<group>"; xcLanguageSpecificationIdentifier = xcode.lang.objc; };
		CCC68CC2189ECD8100E23DB2 /* KZBookshelf.app */ = {isa = PBXFileReference; explicitFileType = wrapper.application; includeInIndex = 0; path = KZBookshelf.app; sourceTree = BUILT_PRODUCTS_DIR; };
		CCC68CC5189ECD8100E23DB2 /* Foundation.framework */ = {isa = PBXFileReference; lastKnownFileType = wrapper.framework; name = Foundation.framework; path = System/Library/Frameworks/Foundation.framework; sourceTree = SDKROOT; };
		CCC68CC7189ECD8100E23DB2 /* CoreGraphics.framework */ = {isa = PBXFileReference; lastKnownFileType = wrapper.framework; name = CoreGraphics.framework; path = System/Library/Frameworks/CoreGraphics.framework; sourceTree = SDKROOT; };
		CCC68CC9189ECD8100E23DB2 /* UIKit.framework */ = {isa = PBXFileReference; lastKnownFileType = wrapper.framework; name = UIKit.framework; path = System/Library/Frameworks/UIKit.framework; sourceTree = SDKROOT; };
		CCC68CCD189ECD8100E23DB2 /* KZBookshelf-Info.plist */ = {isa = PBXFileReference; lastKnownFileType = text.plist.xml; path = "KZBookshelf-Info.plist"; sourceTree = "<group>"; };
		CCC68CCF189ECD8100E23DB2 /* en */ = {isa = PBXFileReference; lastKnownFileType = text.plist.strings; name = en; path = en.lproj/InfoPlist.strings; sourceTree = "<group>"; };
		CCC68CD1189ECD8100E23DB2 /* main.m */ = {isa = PBXFileReference; lastKnownFileType = sourcecode.c.objc; path = main.m; sourceTree = "<group>"; };
		CCC68CD3189ECD8100E23DB2 /* KZBookshelf-Prefix.pch */ = {isa = PBXFileReference; lastKnownFileType = sourcecode.c.h; path = "KZBookshelf-Prefix.pch"; sourceTree = "<group>"; };
		CCC68CD7189ECD8100E23DB2 /* Images.xcassets */ = {isa = PBXFileReference; lastKnownFileType = folder.assetcatalog; path = Images.xcassets; sourceTree = "<group>"; };
		CCC68CDD189ECD8100E23DB2 /* KZBookshelfTests.xctest */ = {isa = PBXFileReference; explicitFileType = wrapper.cfbundle; includeInIndex = 0; path = KZBookshelfTests.xctest; sourceTree = BUILT_PRODUCTS_DIR; };
		CCC68CDE189ECD8100E23DB2 /* XCTest.framework */ = {isa = PBXFileReference; lastKnownFileType = wrapper.framework; name = XCTest.framework; path = Library/Frameworks/XCTest.framework; sourceTree = DEVELOPER_DIR; };
		CCC68CE6189ECD8100E23DB2 /* KZBookshelfTests-Info.plist */ = {isa = PBXFileReference; lastKnownFileType = text.plist.xml; path = "KZBookshelfTests-Info.plist"; sourceTree = "<group>"; };
		CCC68CE8189ECD8100E23DB2 /* en */ = {isa = PBXFileReference; lastKnownFileType = text.plist.strings; name = en; path = en.lproj/InfoPlist.strings; sourceTree = "<group>"; };
		CCC68CEA189ECD8100E23DB2 /* KZBookshelfTests.m */ = {isa = PBXFileReference; lastKnownFileType = sourcecode.c.objc; path = KZBookshelfTests.m; sourceTree = "<group>"; };
		CCC68CF5189ECE3F00E23DB2 /* KZAppDelegate.h */ = {isa = PBXFileReference; fileEncoding = 4; lastKnownFileType = sourcecode.c.h; path = KZAppDelegate.h; sourceTree = "<group>"; };
		CCC68CF6189ECE3F00E23DB2 /* KZAppDelegate.m */ = {isa = PBXFileReference; fileEncoding = 4; lastKnownFileType = sourcecode.c.objc; path = KZAppDelegate.m; sourceTree = "<group>"; };
		CCC68CF9189ECEA400E23DB2 /* MainWindow~ipad.xib */ = {isa = PBXFileReference; fileEncoding = 4; lastKnownFileType = file.xib; path = "MainWindow~ipad.xib"; sourceTree = "<group>"; };
		CCC68CFB189ED00400E23DB2 /* KZBookshelfView.h */ = {isa = PBXFileReference; fileEncoding = 4; lastKnownFileType = sourcecode.c.h; lineEnding = 0; path = KZBookshelfView.h; sourceTree = "<group>"; xcLanguageSpecificationIdentifier = xcode.lang.objcpp; };
		CCC68CFC189ED00400E23DB2 /* KZBookshelfView.m */ = {isa = PBXFileReference; fileEncoding = 4; lastKnownFileType = sourcecode.c.objc; lineEnding = 0; path = KZBookshelfView.m; sourceTree = "<group>"; xcLanguageSpecificationIdentifier = xcode.lang.objc; };
		CCC68D01189ED28A00E23DB2 /* KZBookshelfViewLayout.h */ = {isa = PBXFileReference; fileEncoding = 4; lastKnownFileType = sourcecode.c.h; lineEnding = 0; path = KZBookshelfViewLayout.h; sourceTree = "<group>"; xcLanguageSpecificationIdentifier = xcode.lang.objcpp; };
		CCC68D02189ED28A00E23DB2 /* KZBookshelfViewLayout.m */ = {isa = PBXFileReference; fileEncoding = 4; lastKnownFileType = sourcecode.c.objc; lineEnding = 0; path = KZBookshelfViewLayout.m; sourceTree = "<group>"; xcLanguageSpecificationIdentifier = xcode.lang.objc; };
		CCC68D04189EDA1D00E23DB2 /* KZSampleBookshelfViewController.h */ = {isa = PBXFileReference; fileEncoding = 4; lastKnownFileType = sourcecode.c.h; path = KZSampleBookshelfViewController.h; sourceTree = "<group>"; };
		CCC68D05189EDA1D00E23DB2 /* KZSampleBookshelfViewController.m */ = {isa = PBXFileReference; fileEncoding = 4; lastKnownFileType = sourcecode.c.objc; path = KZSampleBookshelfViewController.m; sourceTree = "<group>"; };
		CCC68D07189EDACA00E23DB2 /* KZSampleBookshelfViewController~ipad.xib */ = {isa = PBXFileReference; fileEncoding = 4; lastKnownFileType = file.xib; path = "KZSampleBookshelfViewController~ipad.xib"; sourceTree = "<group>"; };
		CCC68D0C189EECBE00E23DB2 /* KZBookshelfItem.h */ = {isa = PBXFileReference; fileEncoding = 4; lastKnownFileType = sourcecode.c.h; lineEnding = 0; path = KZBookshelfItem.h; sourceTree = "<group>"; xcLanguageSpecificationIdentifier = xcode.lang.objcpp; };
		CCC68D11189EF17600E23DB2 /* KZBookshelfItem.m */ = {isa = PBXFileReference; fileEncoding = 4; lastKnownFileType = sourcecode.c.objc; lineEnding = 0; name = KZBookshelfItem.m; path = ../Sources/KZBookshelfItem.m; sourceTree = "<group>"; xcLanguageSpecificationIdentifier = xcode.lang.objc; };
		CCC68D3E189F04B000E23DB2 /* ZGeometricUtils.h */ = {isa = PBXFileReference; fileEncoding = 4; lastKnownFileType = sourcecode.c.h; path = ZGeometricUtils.h; sourceTree = "<group>"; };
		CCC68D3F189F04B000E23DB2 /* ZGeometricUtils.m */ = {isa = PBXFileReference; fileEncoding = 4; lastKnownFileType = sourcecode.c.objc; path = ZGeometricUtils.m; sourceTree = "<group>"; };
		CCC68D41189F10CA00E23DB2 /* KZBookshelfRowView.h */ = {isa = PBXFileReference; fileEncoding = 4; lastKnownFileType = sourcecode.c.h; lineEnding = 0; path = KZBookshelfRowView.h; sourceTree = "<group>"; xcLanguageSpecificationIdentifier = xcode.lang.objcpp; };
		CCC68D42189F10CA00E23DB2 /* KZBookshelfRowView.m */ = {isa = PBXFileReference; fileEncoding = 4; lastKnownFileType = sourcecode.c.objc; lineEnding = 0; path = KZBookshelfRowView.m; sourceTree = "<group>"; xcLanguageSpecificationIdentifier = xcode.lang.objc; };
		CCC68D44189F15F200E23DB2 /* KZBookshelfItemCell.h */ = {isa = PBXFileReference; fileEncoding = 4; lastKnownFileType = sourcecode.c.h; lineEnding = 0; path = KZBookshelfItemCell.h; sourceTree = "<group>"; xcLanguageSpecificationIdentifier = xcode.lang.objcpp; };
		CCC68D45189F15F200E23DB2 /* KZBookshelfItemCell.m */ = {isa = PBXFileReference; fileEncoding = 4; lastKnownFileType = sourcecode.c.objc; lineEnding = 0; path = KZBookshelfItemCell.m; sourceTree = "<group>"; xcLanguageSpecificationIdentifier = xcode.lang.objc; };
		CCC68D47189F48AE00E23DB2 /* UIView+Debug.h */ = {isa = PBXFileReference; fileEncoding = 4; lastKnownFileType = sourcecode.c.h; path = "UIView+Debug.h"; sourceTree = "<group>"; };
		CCC68D48189F48AE00E23DB2 /* UIView+Debug.m */ = {isa = PBXFileReference; fileEncoding = 4; lastKnownFileType = sourcecode.c.objc; path = "UIView+Debug.m"; sourceTree = "<group>"; };
		CCC68D4A189FE48F00E23DB2 /* KZBookshelfShelfView.h */ = {isa = PBXFileReference; fileEncoding = 4; lastKnownFileType = sourcecode.c.h; lineEnding = 0; path = KZBookshelfShelfView.h; sourceTree = "<group>"; xcLanguageSpecificationIdentifier = xcode.lang.objcpp; };
		CCC68D4B189FE48F00E23DB2 /* KZBookshelfShelfView.m */ = {isa = PBXFileReference; fileEncoding = 4; lastKnownFileType = sourcecode.c.objc; lineEnding = 0; path = KZBookshelfShelfView.m; sourceTree = "<group>"; xcLanguageSpecificationIdentifier = xcode.lang.objc; };
		CCDA8DA218A178A300224274 /* KZBookshelfSectionHeaderLayoutAttributes.h */ = {isa = PBXFileReference; fileEncoding = 4; lastKnownFileType = sourcecode.c.h; lineEnding = 0; path = KZBookshelfSectionHeaderLayoutAttributes.h; sourceTree = "<group>"; xcLanguageSpecificationIdentifier = xcode.lang.objcpp; };
		CCDA8DA318A178A300224274 /* KZBookshelfSectionHeaderLayoutAttributes.m */ = {isa = PBXFileReference; fileEncoding = 4; lastKnownFileType = sourcecode.c.objc; lineEnding = 0; path = KZBookshelfSectionHeaderLayoutAttributes.m; sourceTree = "<group>"; xcLanguageSpecificationIdentifier = xcode.lang.objc; };
		CCDA8DA618A1911600224274 /* Bookshelf-Body-1024.png */ = {isa = PBXFileReference; lastKnownFileType = image.png; path = "Bookshelf-Body-1024.png"; sourceTree = "<group>"; };
		CCDA8DA718A1911600224274 /* Bookshelf-Body-1024@2x.png */ = {isa = PBXFileReference; lastKnownFileType = image.png; path = "Bookshelf-Body-1024@2x.png"; sourceTree = "<group>"; };
		CCDA8DA818A1911600224274 /* Bookshelf-Body-320.png */ = {isa = PBXFileReference; lastKnownFileType = image.png; path = "Bookshelf-Body-320.png"; sourceTree = "<group>"; };
		CCDA8DA918A1911600224274 /* Bookshelf-Body-320@2x.png */ = {isa = PBXFileReference; lastKnownFileType = image.png; path = "Bookshelf-Body-320@2x.png"; sourceTree = "<group>"; };
		CCDA8DAA18A1911600224274 /* Bookshelf-Body-480.png */ = {isa = PBXFileReference; lastKnownFileType = image.png; path = "Bookshelf-Body-480.png"; sourceTree = "<group>"; };
		CCDA8DAB18A1911600224274 /* Bookshelf-Body-480@2x.png */ = {isa = PBXFileReference; lastKnownFileType = image.png; path = "Bookshelf-Body-480@2x.png"; sourceTree = "<group>"; };
		CCDA8DAC18A1911600224274 /* Bookshelf-Body-568.png */ = {isa = PBXFileReference; lastKnownFileType = image.png; path = "Bookshelf-Body-568.png"; sourceTree = "<group>"; };
		CCDA8DAD18A1911600224274 /* Bookshelf-Body-568@2x.png */ = {isa = PBXFileReference; lastKnownFileType = image.png; path = "Bookshelf-Body-568@2x.png"; sourceTree = "<group>"; };
		CCDA8DAE18A1911600224274 /* Bookshelf-Body-768.png */ = {isa = PBXFileReference; lastKnownFileType = image.png; path = "Bookshelf-Body-768.png"; sourceTree = "<group>"; };
		CCDA8DAF18A1911600224274 /* Bookshelf-Body-768@2x.png */ = {isa = PBXFileReference; lastKnownFileType = image.png; path = "Bookshelf-Body-768@2x.png"; sourceTree = "<group>"; };
		CCDA8DB018A1911600224274 /* Bookshelf-Section-1024.png */ = {isa = PBXFileReference; lastKnownFileType = image.png; path = "Bookshelf-Section-1024.png"; sourceTree = "<group>"; };
		CCDA8DB118A1911600224274 /* Bookshelf-Section-1024@2x.png */ = {isa = PBXFileReference; lastKnownFileType = image.png; path = "Bookshelf-Section-1024@2x.png"; sourceTree = "<group>"; };
		CCDA8DB218A1911600224274 /* Bookshelf-Section-320.png */ = {isa = PBXFileReference; lastKnownFileType = image.png; path = "Bookshelf-Section-320.png"; sourceTree = "<group>"; };
		CCDA8DB318A1911600224274 /* Bookshelf-Section-320@2x.png */ = {isa = PBXFileReference; lastKnownFileType = image.png; path = "Bookshelf-Section-320@2x.png"; sourceTree = "<group>"; };
		CCDA8DB418A1911600224274 /* Bookshelf-Section-480.png */ = {isa = PBXFileReference; lastKnownFileType = image.png; path = "Bookshelf-Section-480.png"; sourceTree = "<group>"; };
		CCDA8DB518A1911600224274 /* Bookshelf-Section-480@2x.png */ = {isa = PBXFileReference; lastKnownFileType = image.png; path = "Bookshelf-Section-480@2x.png"; sourceTree = "<group>"; };
		CCDA8DB618A1911600224274 /* Bookshelf-Section-568.png */ = {isa = PBXFileReference; lastKnownFileType = image.png; path = "Bookshelf-Section-568.png"; sourceTree = "<group>"; };
		CCDA8DB718A1911600224274 /* Bookshelf-Section-568@2x.png */ = {isa = PBXFileReference; lastKnownFileType = image.png; path = "Bookshelf-Section-568@2x.png"; sourceTree = "<group>"; };
		CCDA8DB818A1911600224274 /* Bookshelf-Section-768.png */ = {isa = PBXFileReference; lastKnownFileType = image.png; path = "Bookshelf-Section-768.png"; sourceTree = "<group>"; };
		CCDA8DB918A1911600224274 /* Bookshelf-Section-768@2x.png */ = {isa = PBXFileReference; lastKnownFileType = image.png; path = "Bookshelf-Section-768@2x.png"; sourceTree = "<group>"; };
		CCDA8DBA18A1911600224274 /* Bookshelf-Bottom-1024.png */ = {isa = PBXFileReference; lastKnownFileType = image.png; path = "Bookshelf-Bottom-1024.png"; sourceTree = "<group>"; };
		CCDA8DBB18A1911600224274 /* Bookshelf-Bottom-1024@2x.png */ = {isa = PBXFileReference; lastKnownFileType = image.png; path = "Bookshelf-Bottom-1024@2x.png"; sourceTree = "<group>"; };
		CCDA8DBC18A1911600224274 /* Bookshelf-Bottom-320.png */ = {isa = PBXFileReference; lastKnownFileType = image.png; path = "Bookshelf-Bottom-320.png"; sourceTree = "<group>"; };
		CCDA8DBD18A1911600224274 /* Bookshelf-Bottom-320@2x.png */ = {isa = PBXFileReference; lastKnownFileType = image.png; path = "Bookshelf-Bottom-320@2x.png"; sourceTree = "<group>"; };
		CCDA8DBE18A1911600224274 /* Bookshelf-Bottom-480.png */ = {isa = PBXFileReference; lastKnownFileType = image.png; path = "Bookshelf-Bottom-480.png"; sourceTree = "<group>"; };
		CCDA8DBF18A1911600224274 /* Bookshelf-Bottom-480@2x.png */ = {isa = PBXFileReference; lastKnownFileType = image.png; path = "Bookshelf-Bottom-480@2x.png"; sourceTree = "<group>"; };
		CCDA8DC018A1911600224274 /* Bookshelf-Bottom-568.png */ = {isa = PBXFileReference; lastKnownFileType = image.png; path = "Bookshelf-Bottom-568.png"; sourceTree = "<group>"; };
		CCDA8DC118A1911600224274 /* Bookshelf-Bottom-568@2x.png */ = {isa = PBXFileReference; lastKnownFileType = image.png; path = "Bookshelf-Bottom-568@2x.png"; sourceTree = "<group>"; };
		CCDA8DC218A1911600224274 /* Bookshelf-Bottom-768.png */ = {isa = PBXFileReference; lastKnownFileType = image.png; path = "Bookshelf-Bottom-768.png"; sourceTree = "<group>"; };
		CCDA8DC318A1911600224274 /* Bookshelf-Bottom-768@2x.png */ = {isa = PBXFileReference; lastKnownFileType = image.png; path = "Bookshelf-Bottom-768@2x.png"; sourceTree = "<group>"; };
		CCDA8DE318A1914A00224274 /* yourmagazine.01.png */ = {isa = PBXFileReference; lastKnownFileType = image.png; path = yourmagazine.01.png; sourceTree = "<group>"; };
		CCDA8DE418A1914A00224274 /* yourmagazine.01@2x.png */ = {isa = PBXFileReference; lastKnownFileType = image.png; path = "yourmagazine.01@2x.png"; sourceTree = "<group>"; };
		CCDA8DE518A1914A00224274 /* yourmagazine.02.png */ = {isa = PBXFileReference; lastKnownFileType = image.png; path = yourmagazine.02.png; sourceTree = "<group>"; };
		CCDA8DE618A1914A00224274 /* yourmagazine.02@x.png */ = {isa = PBXFileReference; lastKnownFileType = image.png; path = "yourmagazine.02@x.png"; sourceTree = "<group>"; };
		CCDA8DE718A1914A00224274 /* yourmagazine.03.png */ = {isa = PBXFileReference; lastKnownFileType = image.png; path = yourmagazine.03.png; sourceTree = "<group>"; };
		CCDA8DE818A1914A00224274 /* yourmagazine.03@2x.png */ = {isa = PBXFileReference; lastKnownFileType = image.png; path = "yourmagazine.03@2x.png"; sourceTree = "<group>"; };
		CCDA8DE918A1914A00224274 /* yourmagazine.04.png */ = {isa = PBXFileReference; lastKnownFileType = image.png; path = yourmagazine.04.png; sourceTree = "<group>"; };
		CCDA8DEA18A1914A00224274 /* yourmagazine.04@2x.png */ = {isa = PBXFileReference; lastKnownFileType = image.png; path = "yourmagazine.04@2x.png"; sourceTree = "<group>"; };
		CCDA8DEB18A1914A00224274 /* yourmagazine.05.png */ = {isa = PBXFileReference; lastKnownFileType = image.png; path = yourmagazine.05.png; sourceTree = "<group>"; };
		CCDA8DEC18A1914A00224274 /* yourmagazine.05@2x.png */ = {isa = PBXFileReference; lastKnownFileType = image.png; path = "yourmagazine.05@2x.png"; sourceTree = "<group>"; };
		CCDA8DED18A1914A00224274 /* yourmagazine.06.png */ = {isa = PBXFileReference; lastKnownFileType = image.png; path = yourmagazine.06.png; sourceTree = "<group>"; };
		CCDA8DEE18A1914A00224274 /* yourmagazine.06@2x.png */ = {isa = PBXFileReference; lastKnownFileType = image.png; path = "yourmagazine.06@2x.png"; sourceTree = "<group>"; };
		CCDA8DEF18A1914A00224274 /* yourmagazine.07.png */ = {isa = PBXFileReference; lastKnownFileType = image.png; path = yourmagazine.07.png; sourceTree = "<group>"; };
		CCDA8DF018A1914A00224274 /* yourmagazine.07@2x.png */ = {isa = PBXFileReference; lastKnownFileType = image.png; path = "yourmagazine.07@2x.png"; sourceTree = "<group>"; };
		CCDA8DF118A1914A00224274 /* yourmagazine.08.png */ = {isa = PBXFileReference; lastKnownFileType = image.png; path = yourmagazine.08.png; sourceTree = "<group>"; };
		CCDA8DF218A1914A00224274 /* yourmagazine.08@2x.png */ = {isa = PBXFileReference; lastKnownFileType = image.png; path = "yourmagazine.08@2x.png"; sourceTree = "<group>"; };
		CCDA8DF318A1914A00224274 /* yourmagazine.09.png */ = {isa = PBXFileReference; lastKnownFileType = image.png; path = yourmagazine.09.png; sourceTree = "<group>"; };
		CCDA8DF418A1914A00224274 /* yourmagazine.09@2x.png */ = {isa = PBXFileReference; lastKnownFileType = image.png; path = "yourmagazine.09@2x.png"; sourceTree = "<group>"; };
		CCDA8DF518A1914A00224274 /* yourmagazine.10.png */ = {isa = PBXFileReference; lastKnownFileType = image.png; path = yourmagazine.10.png; sourceTree = "<group>"; };
		CCDA8DF618A1914A00224274 /* yourmagazine.10@2x.png */ = {isa = PBXFileReference; lastKnownFileType = image.png; path = "yourmagazine.10@2x.png"; sourceTree = "<group>"; };
		CCDA8DF718A1914A00224274 /* yourmagazine.11.png */ = {isa = PBXFileReference; lastKnownFileType = image.png; path = yourmagazine.11.png; sourceTree = "<group>"; };
		CCDA8DF818A1914A00224274 /* yourmagazine.11@2x.png */ = {isa = PBXFileReference; lastKnownFileType = image.png; path = "yourmagazine.11@2x.png"; sourceTree = "<group>"; };
		CCDA8DF918A1914A00224274 /* yourmagazine.12.png */ = {isa = PBXFileReference; lastKnownFileType = image.png; path = yourmagazine.12.png; sourceTree = "<group>"; };
		CCDA8DFA18A1914A00224274 /* yourmagazine.12@2x.png */ = {isa = PBXFileReference; lastKnownFileType = image.png; path = "yourmagazine.12@2x.png"; sourceTree = "<group>"; };
		CCDA8E1318A191E100224274 /* MainWindow~iphone.xib */ = {isa = PBXFileReference; fileEncoding = 4; lastKnownFileType = file.xib; path = "MainWindow~iphone.xib"; sourceTree = "<group>"; };
		CCDA8E1518A1924400224274 /* KZSampleBookshelfViewController~iphone.xib */ = {isa = PBXFileReference; fileEncoding = 4; lastKnownFileType = file.xib; path = "KZSampleBookshelfViewController~iphone.xib"; sourceTree = "<group>"; };
/* End PBXFileReference section */

/* Begin PBXFrameworksBuildPhase section */
		CCC68CBF189ECD8100E23DB2 /* Frameworks */ = {
			isa = PBXFrameworksBuildPhase;
			buildActionMask = 2147483647;
			files = (
				CCC68CC8189ECD8100E23DB2 /* CoreGraphics.framework in Frameworks */,
				CCC68CCA189ECD8100E23DB2 /* UIKit.framework in Frameworks */,
				CCC68CC6189ECD8100E23DB2 /* Foundation.framework in Frameworks */,
			);
			runOnlyForDeploymentPostprocessing = 0;
		};
		CCC68CDA189ECD8100E23DB2 /* Frameworks */ = {
			isa = PBXFrameworksBuildPhase;
			buildActionMask = 2147483647;
			files = (
				CCC68CDF189ECD8100E23DB2 /* XCTest.framework in Frameworks */,
				CCC68CE1189ECD8100E23DB2 /* UIKit.framework in Frameworks */,
				CCC68CE0189ECD8100E23DB2 /* Foundation.framework in Frameworks */,
			);
			runOnlyForDeploymentPostprocessing = 0;
		};
/* End PBXFrameworksBuildPhase section */

/* Begin PBXGroup section */
		CCC68CB9189ECD8100E23DB2 = {
			isa = PBXGroup;
			children = (
				CCC68CCB189ECD8100E23DB2 /* KZBookshelf */,
				CCC68CE4189ECD8100E23DB2 /* KZBookshelfTests */,
				CCC68CC4189ECD8100E23DB2 /* Frameworks */,
				CCC68CC3189ECD8100E23DB2 /* Products */,
			);
			sourceTree = "<group>";
		};
		CCC68CC3189ECD8100E23DB2 /* Products */ = {
			isa = PBXGroup;
			children = (
				CCC68CC2189ECD8100E23DB2 /* KZBookshelf.app */,
				CCC68CDD189ECD8100E23DB2 /* KZBookshelfTests.xctest */,
			);
			name = Products;
			sourceTree = "<group>";
		};
		CCC68CC4189ECD8100E23DB2 /* Frameworks */ = {
			isa = PBXGroup;
			children = (
				CCC68CC5189ECD8100E23DB2 /* Foundation.framework */,
				CCC68CC7189ECD8100E23DB2 /* CoreGraphics.framework */,
				CCC68CC9189ECD8100E23DB2 /* UIKit.framework */,
				CCC68CDE189ECD8100E23DB2 /* XCTest.framework */,
			);
			name = Frameworks;
			sourceTree = "<group>";
		};
		CCC68CCB189ECD8100E23DB2 /* KZBookshelf */ = {
			isa = PBXGroup;
			children = (
				CCC68CF8189ECE5900E23DB2 /* KZBookshelf */,
				CCC68CF4189ECE3F00E23DB2 /* Sources */,
				CCC68D3D189F04B000E23DB2 /* ZKit */,
				CCC68CD7189ECD8100E23DB2 /* Images.xcassets */,
				CCC68D13189EF4B100E23DB2 /* Resources */,
				CCC68CCC189ECD8100E23DB2 /* Supporting Files */,
			);
			path = KZBookshelf;
			sourceTree = "<group>";
		};
		CCC68CCC189ECD8100E23DB2 /* Supporting Files */ = {
			isa = PBXGroup;
			children = (
				CCC68CCD189ECD8100E23DB2 /* KZBookshelf-Info.plist */,
				CCC68CCE189ECD8100E23DB2 /* InfoPlist.strings */,
				CCC68CD1189ECD8100E23DB2 /* main.m */,
				CCC68CD3189ECD8100E23DB2 /* KZBookshelf-Prefix.pch */,
			);
			name = "Supporting Files";
			sourceTree = "<group>";
		};
		CCC68CE4189ECD8100E23DB2 /* KZBookshelfTests */ = {
			isa = PBXGroup;
			children = (
				CCC68CEA189ECD8100E23DB2 /* KZBookshelfTests.m */,
				CCC68CE5189ECD8100E23DB2 /* Supporting Files */,
			);
			path = KZBookshelfTests;
			sourceTree = "<group>";
		};
		CCC68CE5189ECD8100E23DB2 /* Supporting Files */ = {
			isa = PBXGroup;
			children = (
				CCC68CE6189ECD8100E23DB2 /* KZBookshelfTests-Info.plist */,
				CCC68CE7189ECD8100E23DB2 /* InfoPlist.strings */,
			);
			name = "Supporting Files";
			sourceTree = "<group>";
		};
		CCC68CF4189ECE3F00E23DB2 /* Sources */ = {
			isa = PBXGroup;
			children = (
				CCC68CF5189ECE3F00E23DB2 /* KZAppDelegate.h */,
				CCC68CF6189ECE3F00E23DB2 /* KZAppDelegate.m */,
				CCC68CF9189ECEA400E23DB2 /* MainWindow~ipad.xib */,
				CCDA8E1318A191E100224274 /* MainWindow~iphone.xib */,
				CCC68D04189EDA1D00E23DB2 /* KZSampleBookshelfViewController.h */,
				CCC68D05189EDA1D00E23DB2 /* KZSampleBookshelfViewController.m */,
				CCC68D07189EDACA00E23DB2 /* KZSampleBookshelfViewController~ipad.xib */,
				CCDA8E1518A1924400224274 /* KZSampleBookshelfViewController~iphone.xib */,
			);
			path = Sources;
			sourceTree = "<group>";
		};
		CCC68CF8189ECE5900E23DB2 /* KZBookshelf */ = {
			isa = PBXGroup;
			children = (
				CCC68CFB189ED00400E23DB2 /* KZBookshelfView.h */,
				CCC68CFC189ED00400E23DB2 /* KZBookshelfView.m */,
				CCC68D01189ED28A00E23DB2 /* KZBookshelfViewLayout.h */,
				CCC68D02189ED28A00E23DB2 /* KZBookshelfViewLayout.m */,
				CCC68D0C189EECBE00E23DB2 /* KZBookshelfItem.h */,
				CCC68D11189EF17600E23DB2 /* KZBookshelfItem.m */,
				CC03600F189FEBFE00C598AD /* KZBookshelfReusableView.h */,
				CC036010189FEBFE00C598AD /* KZBookshelfReusableView.m */,
				CCC68D41189F10CA00E23DB2 /* KZBookshelfRowView.h */,
				CCC68D42189F10CA00E23DB2 /* KZBookshelfRowView.m */,
				CCC68D4A189FE48F00E23DB2 /* KZBookshelfShelfView.h */,
				CCC68D4B189FE48F00E23DB2 /* KZBookshelfShelfView.m */,
				CC03605D18A0548300C598AD /* KZBookshelfSectionView.h */,
				CC03605E18A0548300C598AD /* KZBookshelfSectionView.m */,
				CCDA8DA218A178A300224274 /* KZBookshelfSectionHeaderLayoutAttributes.h */,
				CCDA8DA318A178A300224274 /* KZBookshelfSectionHeaderLayoutAttributes.m */,
				CCC68D44189F15F200E23DB2 /* KZBookshelfItemCell.h */,
				CCC68D45189F15F200E23DB2 /* KZBookshelfItemCell.m */,
			);
			path = KZBookshelf;
			sourceTree = "<group>";
		};
		CCC68D13189EF4B100E23DB2 /* Resources */ = {
			isa = PBXGroup;
			children = (
				CCC68D14189EF4B100E23DB2 /* Images */,
			);
			path = Resources;
			sourceTree = "<group>";
		};
		CCC68D14189EF4B100E23DB2 /* Images */ = {
			isa = PBXGroup;
			children = (
				CCDA8DE218A1914A00224274 /* yourmagazine */,
				CCDA8DA518A1911600224274 /* Bookcase */,
			);
			path = Images;
			sourceTree = "<group>";
		};
		CCC68D3D189F04B000E23DB2 /* ZKit */ = {
			isa = PBXGroup;
			children = (
				CCC68D47189F48AE00E23DB2 /* UIView+Debug.h */,
				CCC68D48189F48AE00E23DB2 /* UIView+Debug.m */,
				CCC68D3E189F04B000E23DB2 /* ZGeometricUtils.h */,
				CCC68D3F189F04B000E23DB2 /* ZGeometricUtils.m */,
			);
			path = ZKit;
			sourceTree = "<group>";
		};
		CCDA8DA518A1911600224274 /* Bookcase */ = {
			isa = PBXGroup;
			children = (
				CCDA8DA618A1911600224274 /* Bookshelf-Body-1024.png */,
				CCDA8DA718A1911600224274 /* Bookshelf-Body-1024@2x.png */,
				CCDA8DA818A1911600224274 /* Bookshelf-Body-320.png */,
				CCDA8DA918A1911600224274 /* Bookshelf-Body-320@2x.png */,
				CCDA8DAA18A1911600224274 /* Bookshelf-Body-480.png */,
				CCDA8DAB18A1911600224274 /* Bookshelf-Body-480@2x.png */,
				CCDA8DAC18A1911600224274 /* Bookshelf-Body-568.png */,
				CCDA8DAD18A1911600224274 /* Bookshelf-Body-568@2x.png */,
				CCDA8DAE18A1911600224274 /* Bookshelf-Body-768.png */,
				CCDA8DAF18A1911600224274 /* Bookshelf-Body-768@2x.png */,
				CCDA8DB018A1911600224274 /* Bookshelf-Section-1024.png */,
				CCDA8DB118A1911600224274 /* Bookshelf-Section-1024@2x.png */,
				CCDA8DB218A1911600224274 /* Bookshelf-Section-320.png */,
				CCDA8DB318A1911600224274 /* Bookshelf-Section-320@2x.png */,
				CCDA8DB418A1911600224274 /* Bookshelf-Section-480.png */,
				CCDA8DB518A1911600224274 /* Bookshelf-Section-480@2x.png */,
				CCDA8DB618A1911600224274 /* Bookshelf-Section-568.png */,
				CCDA8DB718A1911600224274 /* Bookshelf-Section-568@2x.png */,
				CCDA8DB818A1911600224274 /* Bookshelf-Section-768.png */,
				CCDA8DB918A1911600224274 /* Bookshelf-Section-768@2x.png */,
				CCDA8DBA18A1911600224274 /* Bookshelf-Bottom-1024.png */,
				CCDA8DBB18A1911600224274 /* Bookshelf-Bottom-1024@2x.png */,
				CCDA8DBC18A1911600224274 /* Bookshelf-Bottom-320.png */,
				CCDA8DBD18A1911600224274 /* Bookshelf-Bottom-320@2x.png */,
				CCDA8DBE18A1911600224274 /* Bookshelf-Bottom-480.png */,
				CCDA8DBF18A1911600224274 /* Bookshelf-Bottom-480@2x.png */,
				CCDA8DC018A1911600224274 /* Bookshelf-Bottom-568.png */,
				CCDA8DC118A1911600224274 /* Bookshelf-Bottom-568@2x.png */,
				CCDA8DC218A1911600224274 /* Bookshelf-Bottom-768.png */,
				CCDA8DC318A1911600224274 /* Bookshelf-Bottom-768@2x.png */,
			);
			path = Bookcase;
			sourceTree = "<group>";
		};
		CCDA8DE218A1914A00224274 /* yourmagazine */ = {
			isa = PBXGroup;
			children = (
				CCDA8DE318A1914A00224274 /* yourmagazine.01.png */,
				CCDA8DE418A1914A00224274 /* yourmagazine.01@2x.png */,
				CCDA8DE518A1914A00224274 /* yourmagazine.02.png */,
				CCDA8DE618A1914A00224274 /* yourmagazine.02@x.png */,
				CCDA8DE718A1914A00224274 /* yourmagazine.03.png */,
				CCDA8DE818A1914A00224274 /* yourmagazine.03@2x.png */,
				CCDA8DE918A1914A00224274 /* yourmagazine.04.png */,
				CCDA8DEA18A1914A00224274 /* yourmagazine.04@2x.png */,
				CCDA8DEB18A1914A00224274 /* yourmagazine.05.png */,
				CCDA8DEC18A1914A00224274 /* yourmagazine.05@2x.png */,
				CCDA8DED18A1914A00224274 /* yourmagazine.06.png */,
				CCDA8DEE18A1914A00224274 /* yourmagazine.06@2x.png */,
				CCDA8DEF18A1914A00224274 /* yourmagazine.07.png */,
				CCDA8DF018A1914A00224274 /* yourmagazine.07@2x.png */,
				CCDA8DF118A1914A00224274 /* yourmagazine.08.png */,
				CCDA8DF218A1914A00224274 /* yourmagazine.08@2x.png */,
				CCDA8DF318A1914A00224274 /* yourmagazine.09.png */,
				CCDA8DF418A1914A00224274 /* yourmagazine.09@2x.png */,
				CCDA8DF518A1914A00224274 /* yourmagazine.10.png */,
				CCDA8DF618A1914A00224274 /* yourmagazine.10@2x.png */,
				CCDA8DF718A1914A00224274 /* yourmagazine.11.png */,
				CCDA8DF818A1914A00224274 /* yourmagazine.11@2x.png */,
				CCDA8DF918A1914A00224274 /* yourmagazine.12.png */,
				CCDA8DFA18A1914A00224274 /* yourmagazine.12@2x.png */,
			);
			path = yourmagazine;
			sourceTree = "<group>";
		};
/* End PBXGroup section */

/* Begin PBXNativeTarget section */
		CCC68CC1189ECD8100E23DB2 /* KZBookshelf */ = {
			isa = PBXNativeTarget;
			buildConfigurationList = CCC68CEE189ECD8100E23DB2 /* Build configuration list for PBXNativeTarget "KZBookshelf" */;
			buildPhases = (
				CCC68CBE189ECD8100E23DB2 /* Sources */,
				CCC68CBF189ECD8100E23DB2 /* Frameworks */,
				CCC68CC0189ECD8100E23DB2 /* Resources */,
			);
			buildRules = (
			);
			dependencies = (
			);
			name = KZBookshelf;
			productName = KZBookshelf;
			productReference = CCC68CC2189ECD8100E23DB2 /* KZBookshelf.app */;
			productType = "com.apple.product-type.application";
		};
		CCC68CDC189ECD8100E23DB2 /* KZBookshelfTests */ = {
			isa = PBXNativeTarget;
			buildConfigurationList = CCC68CF1189ECD8100E23DB2 /* Build configuration list for PBXNativeTarget "KZBookshelfTests" */;
			buildPhases = (
				CCC68CD9189ECD8100E23DB2 /* Sources */,
				CCC68CDA189ECD8100E23DB2 /* Frameworks */,
				CCC68CDB189ECD8100E23DB2 /* Resources */,
			);
			buildRules = (
			);
			dependencies = (
				CCC68CE3189ECD8100E23DB2 /* PBXTargetDependency */,
			);
			name = KZBookshelfTests;
			productName = KZBookshelfTests;
			productReference = CCC68CDD189ECD8100E23DB2 /* KZBookshelfTests.xctest */;
			productType = "com.apple.product-type.bundle.unit-test";
		};
/* End PBXNativeTarget section */

/* Begin PBXProject section */
		CCC68CBA189ECD8100E23DB2 /* Project object */ = {
			isa = PBXProject;
			attributes = {
				CLASSPREFIX = KZ;
				LastUpgradeCheck = 0500;
				ORGANIZATIONNAME = "Electricwoods LLC";
				TargetAttributes = {
					CCC68CDC189ECD8100E23DB2 = {
						TestTargetID = CCC68CC1189ECD8100E23DB2;
					};
				};
			};
			buildConfigurationList = CCC68CBD189ECD8100E23DB2 /* Build configuration list for PBXProject "KZBookshelf" */;
			compatibilityVersion = "Xcode 3.2";
			developmentRegion = English;
			hasScannedForEncodings = 0;
			knownRegions = (
				en,
			);
			mainGroup = CCC68CB9189ECD8100E23DB2;
			productRefGroup = CCC68CC3189ECD8100E23DB2 /* Products */;
			projectDirPath = "";
			projectRoot = "";
			targets = (
				CCC68CC1189ECD8100E23DB2 /* KZBookshelf */,
				CCC68CDC189ECD8100E23DB2 /* KZBookshelfTests */,
			);
		};
/* End PBXProject section */

/* Begin PBXResourcesBuildPhase section */
		CCC68CC0189ECD8100E23DB2 /* Resources */ = {
			isa = PBXResourcesBuildPhase;
			buildActionMask = 2147483647;
			files = (
				CCDA8E0118A1914A00224274 /* yourmagazine.04.png in Resources */,
				CCC68D08189EDACA00E23DB2 /* KZSampleBookshelfViewController~ipad.xib in Resources */,
				CC2FA86B18A1F9FB00F9CFDA /* Bookshelf-Section-1024@2x.png in Resources */,
				CC2FA86D18A1F9FB00F9CFDA /* Bookshelf-Section-320@2x.png in Resources */,
				CCDA8DC718A1911600224274 /* Bookshelf-Body-320@2x.png in Resources */,
				CCDA8DE018A1911600224274 /* Bookshelf-Bottom-768.png in Resources */,
				CCDA8DDD18A1911600224274 /* Bookshelf-Bottom-480@2x.png in Resources */,
				CC2FA87318A1F9FB00F9CFDA /* Bookshelf-Section-768@2x.png in Resources */,
				CCDA8E0B18A1914A00224274 /* yourmagazine.09.png in Resources */,
				CCC68CD0189ECD8100E23DB2 /* InfoPlist.strings in Resources */,
				CC2FA86C18A1F9FB00F9CFDA /* Bookshelf-Section-320.png in Resources */,
				CCC68CFA189ECEA400E23DB2 /* MainWindow~ipad.xib in Resources */,
				CC2FA87218A1F9FB00F9CFDA /* Bookshelf-Section-768.png in Resources */,
				CCDA8E0F18A1914A00224274 /* yourmagazine.11.png in Resources */,
				CCDA8DDC18A1911600224274 /* Bookshelf-Bottom-480.png in Resources */,
				CCDA8E0E18A1914A00224274 /* yourmagazine.10@2x.png in Resources */,
				CCDA8DDE18A1911600224274 /* Bookshelf-Bottom-568.png in Resources */,
				CCDA8DC918A1911600224274 /* Bookshelf-Body-480@2x.png in Resources */,
				CCDA8DC418A1911600224274 /* Bookshelf-Body-1024.png in Resources */,
				CCDA8E1018A1914A00224274 /* yourmagazine.11@2x.png in Resources */,
				CCDA8E0718A1914A00224274 /* yourmagazine.07.png in Resources */,
				CCDA8DC818A1911600224274 /* Bookshelf-Body-480.png in Resources */,
				CCDA8DFC18A1914A00224274 /* yourmagazine.01@2x.png in Resources */,
				CCDA8DDF18A1911600224274 /* Bookshelf-Bottom-568@2x.png in Resources */,
				CC2FA86A18A1F9FB00F9CFDA /* Bookshelf-Section-1024.png in Resources */,
				CCDA8E0918A1914A00224274 /* yourmagazine.08.png in Resources */,
				CC2FA86E18A1F9FB00F9CFDA /* Bookshelf-Section-480.png in Resources */,
				CCDA8E0818A1914A00224274 /* yourmagazine.07@2x.png in Resources */,
				CCDA8E0318A1914A00224274 /* yourmagazine.05.png in Resources */,
				CCDA8E0518A1914A00224274 /* yourmagazine.06.png in Resources */,
				CCDA8E1418A191E100224274 /* MainWindow~iphone.xib in Resources */,
				CCDA8DFD18A1914A00224274 /* yourmagazine.02.png in Resources */,
				CCDA8DDA18A1911600224274 /* Bookshelf-Bottom-320.png in Resources */,
				CCDA8E0A18A1914A00224274 /* yourmagazine.08@2x.png in Resources */,
				CCDA8DCB18A1911600224274 /* Bookshelf-Body-568@2x.png in Resources */,
				CCDA8DCC18A1911600224274 /* Bookshelf-Body-768.png in Resources */,
				CC2FA86F18A1F9FB00F9CFDA /* Bookshelf-Section-480@2x.png in Resources */,
				CCDA8DC518A1911600224274 /* Bookshelf-Body-1024@2x.png in Resources */,
				CC2FA87018A1F9FB00F9CFDA /* Bookshelf-Section-568.png in Resources */,
				CCDA8E1618A1924400224274 /* KZSampleBookshelfViewController~iphone.xib in Resources */,
				CCDA8DCA18A1911600224274 /* Bookshelf-Body-568.png in Resources */,
				CCDA8E1218A1914A00224274 /* yourmagazine.12@2x.png in Resources */,
				CCC68CD8189ECD8100E23DB2 /* Images.xcassets in Resources */,
				CCDA8E0C18A1914A00224274 /* yourmagazine.09@2x.png in Resources */,
				CCDA8DC618A1911600224274 /* Bookshelf-Body-320.png in Resources */,
				CCDA8DE118A1911600224274 /* Bookshelf-Bottom-768@2x.png in Resources */,
				CCDA8DFB18A1914A00224274 /* yourmagazine.01.png in Resources */,
				CCDA8DD918A1911600224274 /* Bookshelf-Bottom-1024@2x.png in Resources */,
				CCDA8DDB18A1911600224274 /* Bookshelf-Bottom-320@2x.png in Resources */,
				CCDA8E0618A1914A00224274 /* yourmagazine.06@2x.png in Resources */,
				CCDA8DCD18A1911600224274 /* Bookshelf-Body-768@2x.png in Resources */,
				CCDA8DD818A1911600224274 /* Bookshelf-Bottom-1024.png in Resources */,
				CCDA8E1118A1914A00224274 /* yourmagazine.12.png in Resources */,
				CCDA8E0418A1914A00224274 /* yourmagazine.05@2x.png in Resources */,
				CCDA8DFF18A1914A00224274 /* yourmagazine.03.png in Resources */,
				CCDA8DFE18A1914A00224274 /* yourmagazine.02@x.png in Resources */,
				CCDA8E0218A1914A00224274 /* yourmagazine.04@2x.png in Resources */,
				CCDA8E0018A1914A00224274 /* yourmagazine.03@2x.png in Resources */,
				CCDA8E0D18A1914A00224274 /* yourmagazine.10.png in Resources */,
				CC2FA87118A1F9FB00F9CFDA /* Bookshelf-Section-568@2x.png in Resources */,
			);
			runOnlyForDeploymentPostprocessing = 0;
		};
		CCC68CDB189ECD8100E23DB2 /* Resources */ = {
			isa = PBXResourcesBuildPhase;
			buildActionMask = 2147483647;
			files = (
				CCC68CE9189ECD8100E23DB2 /* InfoPlist.strings in Resources */,
			);
			runOnlyForDeploymentPostprocessing = 0;
		};
/* End PBXResourcesBuildPhase section */

/* Begin PBXSourcesBuildPhase section */
		CCC68CBE189ECD8100E23DB2 /* Sources */ = {
			isa = PBXSourcesBuildPhase;
			buildActionMask = 2147483647;
			files = (
				CCC68D03189ED28A00E23DB2 /* KZBookshelfViewLayout.m in Sources */,
				CC036011189FEBFE00C598AD /* KZBookshelfReusableView.m in Sources */,
				CCC68CD2189ECD8100E23DB2 /* main.m in Sources */,
				CCC68D40189F04B000E23DB2 /* ZGeometricUtils.m in Sources */,
				CCC68D12189EF17600E23DB2 /* KZBookshelfItem.m in Sources */,
				CCC68D43189F10CA00E23DB2 /* KZBookshelfRowView.m in Sources */,
				CCC68D46189F15F200E23DB2 /* KZBookshelfItemCell.m in Sources */,
				CC03605F18A0548300C598AD /* KZBookshelfSectionView.m in Sources */,
				CCDA8DA418A178A300224274 /* KZBookshelfSectionHeaderLayoutAttributes.m in Sources */,
				CCC68D4C189FE48F00E23DB2 /* KZBookshelfShelfView.m in Sources */,
				CCC68CFD189ED00400E23DB2 /* KZBookshelfView.m in Sources */,
				CCC68D06189EDA1D00E23DB2 /* KZSampleBookshelfViewController.m in Sources */,
				CCC68D49189F48AE00E23DB2 /* UIView+Debug.m in Sources */,
				CCC68CF7189ECE3F00E23DB2 /* KZAppDelegate.m in Sources */,
			);
			runOnlyForDeploymentPostprocessing = 0;
		};
		CCC68CD9189ECD8100E23DB2 /* Sources */ = {
			isa = PBXSourcesBuildPhase;
			buildActionMask = 2147483647;
			files = (
				CCC68CEB189ECD8100E23DB2 /* KZBookshelfTests.m in Sources */,
			);
			runOnlyForDeploymentPostprocessing = 0;
		};
/* End PBXSourcesBuildPhase section */

/* Begin PBXTargetDependency section */
		CCC68CE3189ECD8100E23DB2 /* PBXTargetDependency */ = {
			isa = PBXTargetDependency;
			target = CCC68CC1189ECD8100E23DB2 /* KZBookshelf */;
			targetProxy = CCC68CE2189ECD8100E23DB2 /* PBXContainerItemProxy */;
		};
/* End PBXTargetDependency section */

/* Begin PBXVariantGroup section */
		CCC68CCE189ECD8100E23DB2 /* InfoPlist.strings */ = {
			isa = PBXVariantGroup;
			children = (
				CCC68CCF189ECD8100E23DB2 /* en */,
			);
			name = InfoPlist.strings;
			sourceTree = "<group>";
		};
		CCC68CE7189ECD8100E23DB2 /* InfoPlist.strings */ = {
			isa = PBXVariantGroup;
			children = (
				CCC68CE8189ECD8100E23DB2 /* en */,
			);
			name = InfoPlist.strings;
			sourceTree = "<group>";
		};
/* End PBXVariantGroup section */

/* Begin XCBuildConfiguration section */
		CCC68CEC189ECD8100E23DB2 /* Debug */ = {
			isa = XCBuildConfiguration;
			buildSettings = {
				ALWAYS_SEARCH_USER_PATHS = NO;
				ARCHS = "$(ARCHS_STANDARD_INCLUDING_64_BIT)";
				CLANG_CXX_LANGUAGE_STANDARD = "gnu++0x";
				CLANG_CXX_LIBRARY = "libc++";
				CLANG_ENABLE_MODULES = YES;
				CLANG_ENABLE_OBJC_ARC = YES;
				CLANG_WARN_BOOL_CONVERSION = YES;
				CLANG_WARN_CONSTANT_CONVERSION = YES;
				CLANG_WARN_DIRECT_OBJC_ISA_USAGE = YES_ERROR;
				CLANG_WARN_EMPTY_BODY = YES;
				CLANG_WARN_ENUM_CONVERSION = YES;
				CLANG_WARN_INT_CONVERSION = YES;
				CLANG_WARN_OBJC_ROOT_CLASS = YES_ERROR;
				CLANG_WARN__DUPLICATE_METHOD_MATCH = YES;
				"CODE_SIGN_IDENTITY[sdk=iphoneos*]" = "iPhone Developer";
				COPY_PHASE_STRIP = NO;
				GCC_C_LANGUAGE_STANDARD = gnu99;
				GCC_DYNAMIC_NO_PIC = NO;
				GCC_OPTIMIZATION_LEVEL = 0;
				GCC_PREPROCESSOR_DEFINITIONS = (
					"DEBUG=1",
					"$(inherited)",
				);
				GCC_SYMBOLS_PRIVATE_EXTERN = NO;
				GCC_WARN_64_TO_32_BIT_CONVERSION = YES;
				GCC_WARN_ABOUT_RETURN_TYPE = YES_ERROR;
				GCC_WARN_UNDECLARED_SELECTOR = YES;
				GCC_WARN_UNINITIALIZED_AUTOS = YES;
				GCC_WARN_UNUSED_FUNCTION = YES;
				GCC_WARN_UNUSED_VARIABLE = YES;
				IPHONEOS_DEPLOYMENT_TARGET = 6.1;
				ONLY_ACTIVE_ARCH = YES;
				SDKROOT = iphoneos;
				TARGETED_DEVICE_FAMILY = 2;
			};
			name = Debug;
		};
		CCC68CED189ECD8100E23DB2 /* Release */ = {
			isa = XCBuildConfiguration;
			buildSettings = {
				ALWAYS_SEARCH_USER_PATHS = NO;
				ARCHS = "$(ARCHS_STANDARD_INCLUDING_64_BIT)";
				CLANG_CXX_LANGUAGE_STANDARD = "gnu++0x";
				CLANG_CXX_LIBRARY = "libc++";
				CLANG_ENABLE_MODULES = YES;
				CLANG_ENABLE_OBJC_ARC = YES;
				CLANG_WARN_BOOL_CONVERSION = YES;
				CLANG_WARN_CONSTANT_CONVERSION = YES;
				CLANG_WARN_DIRECT_OBJC_ISA_USAGE = YES_ERROR;
				CLANG_WARN_EMPTY_BODY = YES;
				CLANG_WARN_ENUM_CONVERSION = YES;
				CLANG_WARN_INT_CONVERSION = YES;
				CLANG_WARN_OBJC_ROOT_CLASS = YES_ERROR;
				CLANG_WARN__DUPLICATE_METHOD_MATCH = YES;
				"CODE_SIGN_IDENTITY[sdk=iphoneos*]" = "iPhone Developer";
				COPY_PHASE_STRIP = YES;
				ENABLE_NS_ASSERTIONS = NO;
				GCC_C_LANGUAGE_STANDARD = gnu99;
				GCC_WARN_64_TO_32_BIT_CONVERSION = YES;
				GCC_WARN_ABOUT_RETURN_TYPE = YES_ERROR;
				GCC_WARN_UNDECLARED_SELECTOR = YES;
				GCC_WARN_UNINITIALIZED_AUTOS = YES;
				GCC_WARN_UNUSED_FUNCTION = YES;
				GCC_WARN_UNUSED_VARIABLE = YES;
				IPHONEOS_DEPLOYMENT_TARGET = 6.1;
				SDKROOT = iphoneos;
				TARGETED_DEVICE_FAMILY = 2;
				VALIDATE_PRODUCT = YES;
			};
			name = Release;
		};
		CCC68CEF189ECD8100E23DB2 /* Debug */ = {
			isa = XCBuildConfiguration;
			buildSettings = {
				ASSETCATALOG_COMPILER_APPICON_NAME = AppIcon;
				ASSETCATALOG_COMPILER_LAUNCHIMAGE_NAME = LaunchImage;
				GCC_PRECOMPILE_PREFIX_HEADER = YES;
				GCC_PREFIX_HEADER = "KZBookshelf/KZBookshelf-Prefix.pch";
				INFOPLIST_FILE = "KZBookshelf/KZBookshelf-Info.plist";
				IPHONEOS_DEPLOYMENT_TARGET = 6.1;
				PRODUCT_NAME = "$(TARGET_NAME)";
				TARGETED_DEVICE_FAMILY = "1,2";
				WRAPPER_EXTENSION = app;
			};
			name = Debug;
		};
		CCC68CF0189ECD8100E23DB2 /* Release */ = {
			isa = XCBuildConfiguration;
			buildSettings = {
				ASSETCATALOG_COMPILER_APPICON_NAME = AppIcon;
				ASSETCATALOG_COMPILER_LAUNCHIMAGE_NAME = LaunchImage;
				GCC_PRECOMPILE_PREFIX_HEADER = YES;
				GCC_PREFIX_HEADER = "KZBookshelf/KZBookshelf-Prefix.pch";
				INFOPLIST_FILE = "KZBookshelf/KZBookshelf-Info.plist";
				IPHONEOS_DEPLOYMENT_TARGET = 6.1;
				PRODUCT_NAME = "$(TARGET_NAME)";
				TARGETED_DEVICE_FAMILY = "1,2";
				WRAPPER_EXTENSION = app;
			};
			name = Release;
		};
		CCC68CF2189ECD8100E23DB2 /* Debug */ = {
			isa = XCBuildConfiguration;
			buildSettings = {
				ARCHS = "$(ARCHS_STANDARD_INCLUDING_64_BIT)";
				BUNDLE_LOADER = "$(BUILT_PRODUCTS_DIR)/KZBookshelf.app/KZBookshelf";
				FRAMEWORK_SEARCH_PATHS = (
					"$(SDKROOT)/Developer/Library/Frameworks",
					"$(inherited)",
					"$(DEVELOPER_FRAMEWORKS_DIR)",
				);
				GCC_PRECOMPILE_PREFIX_HEADER = YES;
				GCC_PREFIX_HEADER = "KZBookshelf/KZBookshelf-Prefix.pch";
				GCC_PREPROCESSOR_DEFINITIONS = (
					"DEBUG=1",
					"$(inherited)",
				);
				INFOPLIST_FILE = "KZBookshelfTests/KZBookshelfTests-Info.plist";
				PRODUCT_NAME = "$(TARGET_NAME)";
				TEST_HOST = "$(BUNDLE_LOADER)";
				WRAPPER_EXTENSION = xctest;
			};
			name = Debug;
		};
		CCC68CF3189ECD8100E23DB2 /* Release */ = {
			isa = XCBuildConfiguration;
			buildSettings = {
				ARCHS = "$(ARCHS_STANDARD_INCLUDING_64_BIT)";
				BUNDLE_LOADER = "$(BUILT_PRODUCTS_DIR)/KZBookshelf.app/KZBookshelf";
				FRAMEWORK_SEARCH_PATHS = (
					"$(SDKROOT)/Developer/Library/Frameworks",
					"$(inherited)",
					"$(DEVELOPER_FRAMEWORKS_DIR)",
				);
				GCC_PRECOMPILE_PREFIX_HEADER = YES;
				GCC_PREFIX_HEADER = "KZBookshelf/KZBookshelf-Prefix.pch";
				INFOPLIST_FILE = "KZBookshelfTests/KZBookshelfTests-Info.plist";
				PRODUCT_NAME = "$(TARGET_NAME)";
				TEST_HOST = "$(BUNDLE_LOADER)";
				WRAPPER_EXTENSION = xctest;
			};
			name = Release;
		};
/* End XCBuildConfiguration section */

/* Begin XCConfigurationList section */
		CCC68CBD189ECD8100E23DB2 /* Build configuration list for PBXProject "KZBookshelf" */ = {
			isa = XCConfigurationList;
			buildConfigurations = (
				CCC68CEC189ECD8100E23DB2 /* Debug */,
				CCC68CED189ECD8100E23DB2 /* Release */,
			);
			defaultConfigurationIsVisible = 0;
			defaultConfigurationName = Release;
		};
		CCC68CEE189ECD8100E23DB2 /* Build configuration list for PBXNativeTarget "KZBookshelf" */ = {
			isa = XCConfigurationList;
			buildConfigurations = (
				CCC68CEF189ECD8100E23DB2 /* Debug */,
				CCC68CF0189ECD8100E23DB2 /* Release */,
			);
			defaultConfigurationIsVisible = 0;
			defaultConfigurationName = Release;
		};
		CCC68CF1189ECD8100E23DB2 /* Build configuration list for PBXNativeTarget "KZBookshelfTests" */ = {
			isa = XCConfigurationList;
			buildConfigurations = (
				CCC68CF2189ECD8100E23DB2 /* Debug */,
				CCC68CF3189ECD8100E23DB2 /* Release */,
			);
			defaultConfigurationIsVisible = 0;
			defaultConfigurationName = Release;
		};
/* End XCConfigurationList section */
	};
	rootObject = CCC68CBA189ECD8100E23DB2 /* Project object */;
}
